// !$*UTF8*$!
{
	archiveVersion = 1;
	classes = {
	};
	objectVersion = 51;
	objects = {

/* Begin PBXBuildFile section */
		36115B69229BEBA30017C08A /* SSShinb7.ttf in Resources */ = {isa = PBXBuildFile; fileRef = 36115B68229BEBA30017C08A /* SSShinb7.ttf */; };
		36115B6B229BF70F0017C08A /* HoonMakdaeyunpilR.ttf in Resources */ = {isa = PBXBuildFile; fileRef = 36115B6A229BF70F0017C08A /* HoonMakdaeyunpilR.ttf */; };
		361B5999224CCCFD00ED25BA /* InMemorySettings.swift in Sources */ = {isa = PBXBuildFile; fileRef = 361B5998224CCCFD00ED25BA /* InMemorySettings.swift */; };
		361B599B224CD88400ED25BA /* SettingsController.swift in Sources */ = {isa = PBXBuildFile; fileRef = 361B599A224CD88400ED25BA /* SettingsController.swift */; };
		361B599D224CDAAE00ED25BA /* SettingsViewModel.swift in Sources */ = {isa = PBXBuildFile; fileRef = 361B599C224CDAAE00ED25BA /* SettingsViewModel.swift */; };
		361B599F224CEB6800ED25BA /* SettingsCellViewModel.swift in Sources */ = {isa = PBXBuildFile; fileRef = 361B599E224CEB6800ED25BA /* SettingsCellViewModel.swift */; };
		361B59A1224CF0D200ED25BA /* SettingsCell.swift in Sources */ = {isa = PBXBuildFile; fileRef = 361B59A0224CF0D200ED25BA /* SettingsCell.swift */; };
		361B59A3224CFDD000ED25BA /* UserDefaultsSettings.swift in Sources */ = {isa = PBXBuildFile; fileRef = 361B59A2224CFDD000ED25BA /* UserDefaultsSettings.swift */; };
		361F193A232390FD0052BEAF /* Identifiable.swift in Sources */ = {isa = PBXBuildFile; fileRef = 361F1939232390FD0052BEAF /* Identifiable.swift */; };
		361F193C232391460052BEAF /* DiaryRepository.swift in Sources */ = {isa = PBXBuildFile; fileRef = 361F193B232391460052BEAF /* DiaryRepository.swift */; };
		361F193E2323977A0052BEAF /* Settings.swift in Sources */ = {isa = PBXBuildFile; fileRef = 361F193D2323977A0052BEAF /* Settings.swift */; };
		362D3D97224B90C800EFBF1B /* AppDelegate.swift in Sources */ = {isa = PBXBuildFile; fileRef = 362D3D96224B90C800EFBF1B /* AppDelegate.swift */; };
		362D3D99224B90C800EFBF1B /* DiaryViewController.swift in Sources */ = {isa = PBXBuildFile; fileRef = 362D3D98224B90C800EFBF1B /* DiaryViewController.swift */; };
		362D3D9E224B90C800EFBF1B /* Assets.xcassets in Resources */ = {isa = PBXBuildFile; fileRef = 362D3D9D224B90C800EFBF1B /* Assets.xcassets */; };
		362D3DA1224B90C800EFBF1B /* LaunchScreen.storyboard in Resources */ = {isa = PBXBuildFile; fileRef = 362D3D9F224B90C800EFBF1B /* LaunchScreen.storyboard */; };
		362D3DAC224B90C800EFBF1B /* MyDiaryTests.swift in Sources */ = {isa = PBXBuildFile; fileRef = 362D3DAB224B90C800EFBF1B /* MyDiaryTests.swift */; };
		362D3DB7224B950200EFBF1B /* TimelineViewController.swift in Sources */ = {isa = PBXBuildFile; fileRef = 362D3DB6224B950200EFBF1B /* TimelineViewController.swift */; };
		362D3DB9224B95EF00EFBF1B /* UIKit+MyDiary.swift in Sources */ = {isa = PBXBuildFile; fileRef = 362D3DB8224B95EF00EFBF1B /* UIKit+MyDiary.swift */; };
		362D3DBB224B989F00EFBF1B /* Diary.swift in Sources */ = {isa = PBXBuildFile; fileRef = 362D3DBA224B989F00EFBF1B /* Diary.swift */; };
		362D3DBD224B99C800EFBF1B /* Foundation+MyDiary.swift in Sources */ = {isa = PBXBuildFile; fileRef = 362D3DBC224B99C800EFBF1B /* Foundation+MyDiary.swift */; };
		362D3DBF224B9A0000EFBF1B /* InMemoryRepository.swift in Sources */ = {isa = PBXBuildFile; fileRef = 362D3DBE224B9A0000EFBF1B /* InMemoryRepository.swift */; };
		362D3DC1224BA01800EFBF1B /* Environment.swift in Sources */ = {isa = PBXBuildFile; fileRef = 362D3DC0224BA01800EFBF1B /* Environment.swift */; };
		362D3DC8224BA24300EFBF1B /* TimelineViewModel.swift in Sources */ = {isa = PBXBuildFile; fileRef = 362D3DC7224BA24300EFBF1B /* TimelineViewModel.swift */; };
		362D3DCB224BB70800EFBF1B /* TimelineCellViewModel.swift in Sources */ = {isa = PBXBuildFile; fileRef = 362D3DCA224BB70800EFBF1B /* TimelineCellViewModel.swift */; };
		362D3DCD224BCA4D00EFBF1B /* TimelineCell.swift in Sources */ = {isa = PBXBuildFile; fileRef = 362D3DCC224BCA4D00EFBF1B /* TimelineCell.swift */; };
		362D3DD0224BD8A200EFBF1B /* DiaryViewModel.swift in Sources */ = {isa = PBXBuildFile; fileRef = 362D3DCF224BD8A200EFBF1B /* DiaryViewModel.swift */; };
		5F14A62E4B3EA2F9F90BD9E1 /* Pods_MyDiaryTests.framework in Frameworks */ = {isa = PBXBuildFile; fileRef = 877AAFC402F10A7D692CFE73 /* Pods_MyDiaryTests.framework */; };
		E33D513223F2A32800DF1497 /* SwiftyBeaver+MyDiary.swift in Sources */ = {isa = PBXBuildFile; fileRef = E33D513123F2A32800DF1497 /* SwiftyBeaver+MyDiary.swift */; };
		E3BC668B23F3D07E006170AE /* Pods_MyDiary.framework in Frameworks */ = {isa = PBXBuildFile; fileRef = 80F0C8BD2BADB443AFE27F0D /* Pods_MyDiary.framework */; };
/* End PBXBuildFile section */

/* Begin PBXContainerItemProxy section */
		362D3DA8224B90C800EFBF1B /* PBXContainerItemProxy */ = {
			isa = PBXContainerItemProxy;
			containerPortal = 362D3D8B224B90C800EFBF1B /* Project object */;
			proxyType = 1;
			remoteGlobalIDString = 362D3D92224B90C800EFBF1B;
			remoteInfo = MyDiary;
		};
/* End PBXContainerItemProxy section */

/* Begin PBXFileReference section */
		36115B68229BEBA30017C08A /* SSShinb7.ttf */ = {isa = PBXFileReference; lastKnownFileType = file; path = SSShinb7.ttf; sourceTree = "<group>"; };
		36115B6A229BF70F0017C08A /* HoonMakdaeyunpilR.ttf */ = {isa = PBXFileReference; lastKnownFileType = file; path = HoonMakdaeyunpilR.ttf; sourceTree = "<group>"; };
		361B5998224CCCFD00ED25BA /* InMemorySettings.swift */ = {isa = PBXFileReference; lastKnownFileType = sourcecode.swift; path = InMemorySettings.swift; sourceTree = "<group>"; };
		361B599A224CD88400ED25BA /* SettingsController.swift */ = {isa = PBXFileReference; lastKnownFileType = sourcecode.swift; path = SettingsController.swift; sourceTree = "<group>"; };
		361B599C224CDAAE00ED25BA /* SettingsViewModel.swift */ = {isa = PBXFileReference; lastKnownFileType = sourcecode.swift; path = SettingsViewModel.swift; sourceTree = "<group>"; };
		361B599E224CEB6800ED25BA /* SettingsCellViewModel.swift */ = {isa = PBXFileReference; lastKnownFileType = sourcecode.swift; path = SettingsCellViewModel.swift; sourceTree = "<group>"; };
		361B59A0224CF0D200ED25BA /* SettingsCell.swift */ = {isa = PBXFileReference; lastKnownFileType = sourcecode.swift; path = SettingsCell.swift; sourceTree = "<group>"; };
		361B59A2224CFDD000ED25BA /* UserDefaultsSettings.swift */ = {isa = PBXFileReference; lastKnownFileType = sourcecode.swift; path = UserDefaultsSettings.swift; sourceTree = "<group>"; };
		361F1939232390FD0052BEAF /* Identifiable.swift */ = {isa = PBXFileReference; lastKnownFileType = sourcecode.swift; path = Identifiable.swift; sourceTree = "<group>"; };
		361F193B232391460052BEAF /* DiaryRepository.swift */ = {isa = PBXFileReference; lastKnownFileType = sourcecode.swift; path = DiaryRepository.swift; sourceTree = "<group>"; };
		361F193D2323977A0052BEAF /* Settings.swift */ = {isa = PBXFileReference; lastKnownFileType = sourcecode.swift; path = Settings.swift; sourceTree = "<group>"; };
		362D3D93224B90C800EFBF1B /* MyDiary.app */ = {isa = PBXFileReference; explicitFileType = wrapper.application; includeInIndex = 0; path = MyDiary.app; sourceTree = BUILT_PRODUCTS_DIR; };
		362D3D96224B90C800EFBF1B /* AppDelegate.swift */ = {isa = PBXFileReference; lastKnownFileType = sourcecode.swift; path = AppDelegate.swift; sourceTree = "<group>"; };
		362D3D98224B90C800EFBF1B /* DiaryViewController.swift */ = {isa = PBXFileReference; lastKnownFileType = sourcecode.swift; path = DiaryViewController.swift; sourceTree = "<group>"; };
		362D3D9D224B90C800EFBF1B /* Assets.xcassets */ = {isa = PBXFileReference; lastKnownFileType = folder.assetcatalog; path = Assets.xcassets; sourceTree = "<group>"; };
		362D3DA0224B90C800EFBF1B /* Base */ = {isa = PBXFileReference; lastKnownFileType = file.storyboard; name = Base; path = Base.lproj/LaunchScreen.storyboard; sourceTree = "<group>"; };
		362D3DA2224B90C800EFBF1B /* Info.plist */ = {isa = PBXFileReference; lastKnownFileType = text.plist.xml; path = Info.plist; sourceTree = "<group>"; };
		362D3DA7224B90C800EFBF1B /* MyDiaryTests.xctest */ = {isa = PBXFileReference; explicitFileType = wrapper.cfbundle; includeInIndex = 0; path = MyDiaryTests.xctest; sourceTree = BUILT_PRODUCTS_DIR; };
		362D3DAB224B90C800EFBF1B /* MyDiaryTests.swift */ = {isa = PBXFileReference; lastKnownFileType = sourcecode.swift; path = MyDiaryTests.swift; sourceTree = "<group>"; };
		362D3DAD224B90C800EFBF1B /* Info.plist */ = {isa = PBXFileReference; lastKnownFileType = text.plist.xml; path = Info.plist; sourceTree = "<group>"; };
		362D3DB6224B950200EFBF1B /* TimelineViewController.swift */ = {isa = PBXFileReference; lastKnownFileType = sourcecode.swift; path = TimelineViewController.swift; sourceTree = "<group>"; };
		362D3DB8224B95EF00EFBF1B /* UIKit+MyDiary.swift */ = {isa = PBXFileReference; lastKnownFileType = sourcecode.swift; path = "UIKit+MyDiary.swift"; sourceTree = "<group>"; };
		362D3DBA224B989F00EFBF1B /* Diary.swift */ = {isa = PBXFileReference; lastKnownFileType = sourcecode.swift; path = Diary.swift; sourceTree = "<group>"; };
		362D3DBC224B99C800EFBF1B /* Foundation+MyDiary.swift */ = {isa = PBXFileReference; lastKnownFileType = sourcecode.swift; path = "Foundation+MyDiary.swift"; sourceTree = "<group>"; };
		362D3DBE224B9A0000EFBF1B /* InMemoryRepository.swift */ = {isa = PBXFileReference; lastKnownFileType = sourcecode.swift; path = InMemoryRepository.swift; sourceTree = "<group>"; };
		362D3DC0224BA01800EFBF1B /* Environment.swift */ = {isa = PBXFileReference; lastKnownFileType = sourcecode.swift; path = Environment.swift; sourceTree = "<group>"; };
		362D3DC7224BA24300EFBF1B /* TimelineViewModel.swift */ = {isa = PBXFileReference; lastKnownFileType = sourcecode.swift; path = TimelineViewModel.swift; sourceTree = "<group>"; };
		362D3DCA224BB70800EFBF1B /* TimelineCellViewModel.swift */ = {isa = PBXFileReference; lastKnownFileType = sourcecode.swift; path = TimelineCellViewModel.swift; sourceTree = "<group>"; };
		362D3DCC224BCA4D00EFBF1B /* TimelineCell.swift */ = {isa = PBXFileReference; lastKnownFileType = sourcecode.swift; path = TimelineCell.swift; sourceTree = "<group>"; };
		362D3DCF224BD8A200EFBF1B /* DiaryViewModel.swift */ = {isa = PBXFileReference; lastKnownFileType = sourcecode.swift; path = DiaryViewModel.swift; sourceTree = "<group>"; };
		4C8712337F6D294E9E35081C /* Pods-MyDiary.debug.xcconfig */ = {isa = PBXFileReference; includeInIndex = 1; lastKnownFileType = text.xcconfig; name = "Pods-MyDiary.debug.xcconfig"; path = "Target Support Files/Pods-MyDiary/Pods-MyDiary.debug.xcconfig"; sourceTree = "<group>"; };
		7FEFC56A2528B64969A2CD43 /* Pods-MyDiaryTests.release.xcconfig */ = {isa = PBXFileReference; includeInIndex = 1; lastKnownFileType = text.xcconfig; name = "Pods-MyDiaryTests.release.xcconfig"; path = "Target Support Files/Pods-MyDiaryTests/Pods-MyDiaryTests.release.xcconfig"; sourceTree = "<group>"; };
		80F0C8BD2BADB443AFE27F0D /* Pods_MyDiary.framework */ = {isa = PBXFileReference; explicitFileType = wrapper.framework; includeInIndex = 0; path = Pods_MyDiary.framework; sourceTree = BUILT_PRODUCTS_DIR; };
		877AAFC402F10A7D692CFE73 /* Pods_MyDiaryTests.framework */ = {isa = PBXFileReference; explicitFileType = wrapper.framework; includeInIndex = 0; path = Pods_MyDiaryTests.framework; sourceTree = BUILT_PRODUCTS_DIR; };
		DA4166ACEDF65C960BA0BE0D /* Pods-MyDiaryTests.debug.xcconfig */ = {isa = PBXFileReference; includeInIndex = 1; lastKnownFileType = text.xcconfig; name = "Pods-MyDiaryTests.debug.xcconfig"; path = "Target Support Files/Pods-MyDiaryTests/Pods-MyDiaryTests.debug.xcconfig"; sourceTree = "<group>"; };
		DC53BC8DF7ADA6EB700F43EE /* Pods-MyDiary.release.xcconfig */ = {isa = PBXFileReference; includeInIndex = 1; lastKnownFileType = text.xcconfig; name = "Pods-MyDiary.release.xcconfig"; path = "Target Support Files/Pods-MyDiary/Pods-MyDiary.release.xcconfig"; sourceTree = "<group>"; };
		E33D513123F2A32800DF1497 /* SwiftyBeaver+MyDiary.swift */ = {isa = PBXFileReference; lastKnownFileType = sourcecode.swift; path = "SwiftyBeaver+MyDiary.swift"; sourceTree = "<group>"; };
		E3BC668423F3D02A006170AE /* SwiftyBeaver.framework */ = {isa = PBXFileReference; explicitFileType = wrapper.framework; path = SwiftyBeaver.framework; sourceTree = BUILT_PRODUCTS_DIR; };
/* End PBXFileReference section */

/* Begin PBXFrameworksBuildPhase section */
		362D3D90224B90C800EFBF1B /* Frameworks */ = {
			isa = PBXFrameworksBuildPhase;
			buildActionMask = 2147483647;
			files = (
				E3BC668B23F3D07E006170AE /* Pods_MyDiary.framework in Frameworks */,
			);
			runOnlyForDeploymentPostprocessing = 0;
		};
		362D3DA4224B90C800EFBF1B /* Frameworks */ = {
			isa = PBXFrameworksBuildPhase;
			buildActionMask = 2147483647;
			files = (
				5F14A62E4B3EA2F9F90BD9E1 /* Pods_MyDiaryTests.framework in Frameworks */,
			);
			runOnlyForDeploymentPostprocessing = 0;
		};
/* End PBXFrameworksBuildPhase section */

/* Begin PBXGroup section */
		0A06C7993EC81E43E9D97F18 /* Pods */ = {
			isa = PBXGroup;
			children = (
				4C8712337F6D294E9E35081C /* Pods-MyDiary.debug.xcconfig */,
				DC53BC8DF7ADA6EB700F43EE /* Pods-MyDiary.release.xcconfig */,
				DA4166ACEDF65C960BA0BE0D /* Pods-MyDiaryTests.debug.xcconfig */,
				7FEFC56A2528B64969A2CD43 /* Pods-MyDiaryTests.release.xcconfig */,
			);
			path = Pods;
			sourceTree = "<group>";
		};
		36115B67229BEB740017C08A /* fonts */ = {
			isa = PBXGroup;
			children = (
				36115B6A229BF70F0017C08A /* HoonMakdaeyunpilR.ttf */,
				36115B68229BEBA30017C08A /* SSShinb7.ttf */,
			);
			path = fonts;
			sourceTree = "<group>";
		};
		361F1938232390E90052BEAF /* Protocols */ = {
			isa = PBXGroup;
			children = (
				361F1939232390FD0052BEAF /* Identifiable.swift */,
				361F193B232391460052BEAF /* DiaryRepository.swift */,
				361F193D2323977A0052BEAF /* Settings.swift */,
			);
			path = Protocols;
			sourceTree = "<group>";
		};
		362D3D8A224B90C800EFBF1B = {
			isa = PBXGroup;
			children = (
				362D3D95224B90C800EFBF1B /* MyDiary */,
				362D3DAA224B90C800EFBF1B /* MyDiaryTests */,
				362D3D94224B90C800EFBF1B /* Products */,
				0A06C7993EC81E43E9D97F18 /* Pods */,
				41DB6DF29EDCEEE2DB6D5D44 /* Frameworks */,
			);
			sourceTree = "<group>";
		};
		362D3D94224B90C800EFBF1B /* Products */ = {
			isa = PBXGroup;
			children = (
				362D3D93224B90C800EFBF1B /* MyDiary.app */,
				362D3DA7224B90C800EFBF1B /* MyDiaryTests.xctest */,
			);
			name = Products;
			sourceTree = "<group>";
		};
		362D3D95224B90C800EFBF1B /* MyDiary */ = {
			isa = PBXGroup;
			children = (
				362D3DC6224BA1C800EFBF1B /* Sources */,
				362D3DC3224BA1A700EFBF1B /* Resources */,
				362D3D9F224B90C800EFBF1B /* LaunchScreen.storyboard */,
			);
			path = MyDiary;
			sourceTree = "<group>";
		};
		362D3DAA224B90C800EFBF1B /* MyDiaryTests */ = {
			isa = PBXGroup;
			children = (
				362D3DAB224B90C800EFBF1B /* MyDiaryTests.swift */,
				362D3DAD224B90C800EFBF1B /* Info.plist */,
			);
			path = MyDiaryTests;
			sourceTree = "<group>";
		};
		362D3DC2224BA19600EFBF1B /* Shared */ = {
			isa = PBXGroup;
			children = (
				362D3D96224B90C800EFBF1B /* AppDelegate.swift */,
				362D3DC0224BA01800EFBF1B /* Environment.swift */,
				362D3DB8224B95EF00EFBF1B /* UIKit+MyDiary.swift */,
				362D3DBC224B99C800EFBF1B /* Foundation+MyDiary.swift */,
				E33D513123F2A32800DF1497 /* SwiftyBeaver+MyDiary.swift */,
			);
			path = Shared;
			sourceTree = "<group>";
		};
		362D3DC3224BA1A700EFBF1B /* Resources */ = {
			isa = PBXGroup;
			children = (
				36115B67229BEB740017C08A /* fonts */,
				362D3D9D224B90C800EFBF1B /* Assets.xcassets */,
				362D3DA2224B90C800EFBF1B /* Info.plist */,
			);
			path = Resources;
			sourceTree = "<group>";
		};
		362D3DC5224BA1BE00EFBF1B /* Models */ = {
			isa = PBXGroup;
			children = (
				362D3DBE224B9A0000EFBF1B /* InMemoryRepository.swift */,
				361B5998224CCCFD00ED25BA /* InMemorySettings.swift */,
				361B59A2224CFDD000ED25BA /* UserDefaultsSettings.swift */,
				362D3DBA224B989F00EFBF1B /* Diary.swift */,
			);
			path = Models;
			sourceTree = "<group>";
		};
		362D3DC6224BA1C800EFBF1B /* Sources */ = {
			isa = PBXGroup;
			children = (
				361F1938232390E90052BEAF /* Protocols */,
				362D3DC2224BA19600EFBF1B /* Shared */,
				362D3DC5224BA1BE00EFBF1B /* Models */,
				3656397222731A200070FF96 /* Settings */,
				36563970227319D40070FF96 /* Timeline */,
				36563971227319F90070FF96 /* Diary */,
			);
			path = Sources;
			sourceTree = "<group>";
		};
		36563970227319D40070FF96 /* Timeline */ = {
			isa = PBXGroup;
			children = (
				362D3DB6224B950200EFBF1B /* TimelineViewController.swift */,
				362D3DC7224BA24300EFBF1B /* TimelineViewModel.swift */,
				362D3DCC224BCA4D00EFBF1B /* TimelineCell.swift */,
				362D3DCA224BB70800EFBF1B /* TimelineCellViewModel.swift */,
			);
			path = Timeline;
			sourceTree = "<group>";
		};
		36563971227319F90070FF96 /* Diary */ = {
			isa = PBXGroup;
			children = (
				362D3D98224B90C800EFBF1B /* DiaryViewController.swift */,
				362D3DCF224BD8A200EFBF1B /* DiaryViewModel.swift */,
			);
			path = Diary;
			sourceTree = "<group>";
		};
		3656397222731A200070FF96 /* Settings */ = {
			isa = PBXGroup;
			children = (
				361B599C224CDAAE00ED25BA /* SettingsViewModel.swift */,
				361B599E224CEB6800ED25BA /* SettingsCellViewModel.swift */,
				361B599A224CD88400ED25BA /* SettingsController.swift */,
				361B59A0224CF0D200ED25BA /* SettingsCell.swift */,
			);
			path = Settings;
			sourceTree = "<group>";
		};
		41DB6DF29EDCEEE2DB6D5D44 /* Frameworks */ = {
			isa = PBXGroup;
			children = (
				E3BC668423F3D02A006170AE /* SwiftyBeaver.framework */,
				80F0C8BD2BADB443AFE27F0D /* Pods_MyDiary.framework */,
				877AAFC402F10A7D692CFE73 /* Pods_MyDiaryTests.framework */,
			);
			name = Frameworks;
			sourceTree = "<group>";
		};
/* End PBXGroup section */

/* Begin PBXNativeTarget section */
		362D3D92224B90C800EFBF1B /* MyDiary */ = {
			isa = PBXNativeTarget;
			buildConfigurationList = 362D3DB0224B90C800EFBF1B /* Build configuration list for PBXNativeTarget "MyDiary" */;
			buildPhases = (
				70348D320CEC8E247F2D51E5 /* [CP] Check Pods Manifest.lock */,
				362D3D8F224B90C800EFBF1B /* Sources */,
				362D3D90224B90C800EFBF1B /* Frameworks */,
				362D3D91224B90C800EFBF1B /* Resources */,
				8FE33E1AE8634B1959D905C1 /* [CP] Embed Pods Frameworks */,
			);
			buildRules = (
			);
			dependencies = (
			);
			name = MyDiary;
			productName = MyDiary;
			productReference = 362D3D93224B90C800EFBF1B /* MyDiary.app */;
			productType = "com.apple.product-type.application";
		};
		362D3DA6224B90C800EFBF1B /* MyDiaryTests */ = {
			isa = PBXNativeTarget;
			buildConfigurationList = 362D3DB3224B90C800EFBF1B /* Build configuration list for PBXNativeTarget "MyDiaryTests" */;
			buildPhases = (
				17C0B826D53DC8050F37F4B1 /* [CP] Check Pods Manifest.lock */,
				362D3DA3224B90C800EFBF1B /* Sources */,
				362D3DA4224B90C800EFBF1B /* Frameworks */,
				362D3DA5224B90C800EFBF1B /* Resources */,
			);
			buildRules = (
			);
			dependencies = (
				362D3DA9224B90C800EFBF1B /* PBXTargetDependency */,
			);
			name = MyDiaryTests;
			productName = MyDiaryTests;
			productReference = 362D3DA7224B90C800EFBF1B /* MyDiaryTests.xctest */;
			productType = "com.apple.product-type.bundle.unit-test";
		};
/* End PBXNativeTarget section */

/* Begin PBXProject section */
		362D3D8B224B90C800EFBF1B /* Project object */ = {
			isa = PBXProject;
			attributes = {
				LastSwiftUpdateCheck = 1010;
				LastUpgradeCheck = 1010;
				ORGANIZATIONNAME = jinuman;
				TargetAttributes = {
					362D3D92224B90C800EFBF1B = {
						CreatedOnToolsVersion = 10.1;
						LastSwiftMigration = 1020;
					};
					362D3DA6224B90C800EFBF1B = {
						CreatedOnToolsVersion = 10.1;
						LastSwiftMigration = 1020;
						TestTargetID = 362D3D92224B90C800EFBF1B;
					};
				};
			};
			buildConfigurationList = 362D3D8E224B90C800EFBF1B /* Build configuration list for PBXProject "MyDiary" */;
			compatibilityVersion = "Xcode 9.3";
			developmentRegion = en;
			hasScannedForEncodings = 0;
			knownRegions = (
				en,
				Base,
			);
			mainGroup = 362D3D8A224B90C800EFBF1B;
			productRefGroup = 362D3D94224B90C800EFBF1B /* Products */;
			projectDirPath = "";
			projectRoot = "";
			targets = (
				362D3D92224B90C800EFBF1B /* MyDiary */,
				362D3DA6224B90C800EFBF1B /* MyDiaryTests */,
			);
		};
/* End PBXProject section */

/* Begin PBXResourcesBuildPhase section */
		362D3D91224B90C800EFBF1B /* Resources */ = {
			isa = PBXResourcesBuildPhase;
			buildActionMask = 2147483647;
			files = (
				362D3DA1224B90C800EFBF1B /* LaunchScreen.storyboard in Resources */,
				362D3D9E224B90C800EFBF1B /* Assets.xcassets in Resources */,
				36115B69229BEBA30017C08A /* SSShinb7.ttf in Resources */,
				36115B6B229BF70F0017C08A /* HoonMakdaeyunpilR.ttf in Resources */,
			);
			runOnlyForDeploymentPostprocessing = 0;
		};
		362D3DA5224B90C800EFBF1B /* Resources */ = {
			isa = PBXResourcesBuildPhase;
			buildActionMask = 2147483647;
			files = (
			);
			runOnlyForDeploymentPostprocessing = 0;
		};
/* End PBXResourcesBuildPhase section */

/* Begin PBXShellScriptBuildPhase section */
		17C0B826D53DC8050F37F4B1 /* [CP] Check Pods Manifest.lock */ = {
			isa = PBXShellScriptBuildPhase;
			buildActionMask = 2147483647;
			files = (
			);
			inputFileListPaths = (
			);
			inputPaths = (
				"${PODS_PODFILE_DIR_PATH}/Podfile.lock",
				"${PODS_ROOT}/Manifest.lock",
			);
			name = "[CP] Check Pods Manifest.lock";
			outputFileListPaths = (
			);
			outputPaths = (
				"$(DERIVED_FILE_DIR)/Pods-MyDiaryTests-checkManifestLockResult.txt",
			);
			runOnlyForDeploymentPostprocessing = 0;
			shellPath = /bin/sh;
			shellScript = "diff \"${PODS_PODFILE_DIR_PATH}/Podfile.lock\" \"${PODS_ROOT}/Manifest.lock\" > /dev/null\nif [ $? != 0 ] ; then\n    # print error to STDERR\n    echo \"error: The sandbox is not in sync with the Podfile.lock. Run 'pod install' or update your CocoaPods installation.\" >&2\n    exit 1\nfi\n# This output is used by Xcode 'outputs' to avoid re-running this script phase.\necho \"SUCCESS\" > \"${SCRIPT_OUTPUT_FILE_0}\"\n";
			showEnvVarsInLog = 0;
		};
		70348D320CEC8E247F2D51E5 /* [CP] Check Pods Manifest.lock */ = {
			isa = PBXShellScriptBuildPhase;
			buildActionMask = 2147483647;
			files = (
			);
			inputFileListPaths = (
			);
			inputPaths = (
				"${PODS_PODFILE_DIR_PATH}/Podfile.lock",
				"${PODS_ROOT}/Manifest.lock",
			);
			name = "[CP] Check Pods Manifest.lock";
			outputFileListPaths = (
			);
			outputPaths = (
				"$(DERIVED_FILE_DIR)/Pods-MyDiary-checkManifestLockResult.txt",
			);
			runOnlyForDeploymentPostprocessing = 0;
			shellPath = /bin/sh;
			shellScript = "diff \"${PODS_PODFILE_DIR_PATH}/Podfile.lock\" \"${PODS_ROOT}/Manifest.lock\" > /dev/null\nif [ $? != 0 ] ; then\n    # print error to STDERR\n    echo \"error: The sandbox is not in sync with the Podfile.lock. Run 'pod install' or update your CocoaPods installation.\" >&2\n    exit 1\nfi\n# This output is used by Xcode 'outputs' to avoid re-running this script phase.\necho \"SUCCESS\" > \"${SCRIPT_OUTPUT_FILE_0}\"\n";
			showEnvVarsInLog = 0;
		};
		8FE33E1AE8634B1959D905C1 /* [CP] Embed Pods Frameworks */ = {
			isa = PBXShellScriptBuildPhase;
			buildActionMask = 2147483647;
			files = (
			);
			inputFileListPaths = (
				"${PODS_ROOT}/Target Support Files/Pods-MyDiary/Pods-MyDiary-frameworks-${CONFIGURATION}-input-files.xcfilelist",
			);
			name = "[CP] Embed Pods Frameworks";
			outputFileListPaths = (
				"${PODS_ROOT}/Target Support Files/Pods-MyDiary/Pods-MyDiary-frameworks-${CONFIGURATION}-output-files.xcfilelist",
			);
			runOnlyForDeploymentPostprocessing = 0;
			shellPath = /bin/sh;
			shellScript = "\"${PODS_ROOT}/Target Support Files/Pods-MyDiary/Pods-MyDiary-frameworks.sh\"\n";
			showEnvVarsInLog = 0;
		};
/* End PBXShellScriptBuildPhase section */

/* Begin PBXSourcesBuildPhase section */
		362D3D8F224B90C800EFBF1B /* Sources */ = {
			isa = PBXSourcesBuildPhase;
			buildActionMask = 2147483647;
			files = (
				362D3DD0224BD8A200EFBF1B /* DiaryViewModel.swift in Sources */,
				362D3DB7224B950200EFBF1B /* TimelineViewController.swift in Sources */,
				361B5999224CCCFD00ED25BA /* InMemorySettings.swift in Sources */,
				361B59A3224CFDD000ED25BA /* UserDefaultsSettings.swift in Sources */,
				361B59A1224CF0D200ED25BA /* SettingsCell.swift in Sources */,
				361B599F224CEB6800ED25BA /* SettingsCellViewModel.swift in Sources */,
				362D3DCB224BB70800EFBF1B /* TimelineCellViewModel.swift in Sources */,
				362D3DC1224BA01800EFBF1B /* Environment.swift in Sources */,
				361B599D224CDAAE00ED25BA /* SettingsViewModel.swift in Sources */,
				361F193C232391460052BEAF /* DiaryRepository.swift in Sources */,
				362D3DBB224B989F00EFBF1B /* Diary.swift in Sources */,
				362D3DBD224B99C800EFBF1B /* Foundation+MyDiary.swift in Sources */,
				362D3DCD224BCA4D00EFBF1B /* TimelineCell.swift in Sources */,
				362D3D99224B90C800EFBF1B /* DiaryViewController.swift in Sources */,
				E33D513223F2A32800DF1497 /* SwiftyBeaver+MyDiary.swift in Sources */,
				362D3DB9224B95EF00EFBF1B /* UIKit+MyDiary.swift in Sources */,
				361B599B224CD88400ED25BA /* SettingsController.swift in Sources */,
				362D3D97224B90C800EFBF1B /* AppDelegate.swift in Sources */,
				362D3DC8224BA24300EFBF1B /* TimelineViewModel.swift in Sources */,
				361F193E2323977A0052BEAF /* Settings.swift in Sources */,
				362D3DBF224B9A0000EFBF1B /* InMemoryRepository.swift in Sources */,
				361F193A232390FD0052BEAF /* Identifiable.swift in Sources */,
			);
			runOnlyForDeploymentPostprocessing = 0;
		};
		362D3DA3224B90C800EFBF1B /* Sources */ = {
			isa = PBXSourcesBuildPhase;
			buildActionMask = 2147483647;
			files = (
				362D3DAC224B90C800EFBF1B /* MyDiaryTests.swift in Sources */,
			);
			runOnlyForDeploymentPostprocessing = 0;
		};
/* End PBXSourcesBuildPhase section */

/* Begin PBXTargetDependency section */
		362D3DA9224B90C800EFBF1B /* PBXTargetDependency */ = {
			isa = PBXTargetDependency;
			target = 362D3D92224B90C800EFBF1B /* MyDiary */;
			targetProxy = 362D3DA8224B90C800EFBF1B /* PBXContainerItemProxy */;
		};
/* End PBXTargetDependency section */

/* Begin PBXVariantGroup section */
		362D3D9F224B90C800EFBF1B /* LaunchScreen.storyboard */ = {
			isa = PBXVariantGroup;
			children = (
				362D3DA0224B90C800EFBF1B /* Base */,
			);
			name = LaunchScreen.storyboard;
			sourceTree = "<group>";
		};
/* End PBXVariantGroup section */

/* Begin XCBuildConfiguration section */
		362D3DAE224B90C800EFBF1B /* Debug */ = {
			isa = XCBuildConfiguration;
			buildSettings = {
				ALWAYS_SEARCH_USER_PATHS = NO;
				CLANG_ANALYZER_NONNULL = YES;
				CLANG_ANALYZER_NUMBER_OBJECT_CONVERSION = YES_AGGRESSIVE;
				CLANG_CXX_LANGUAGE_STANDARD = "gnu++14";
				CLANG_CXX_LIBRARY = "libc++";
				CLANG_ENABLE_MODULES = YES;
				CLANG_ENABLE_OBJC_ARC = YES;
				CLANG_ENABLE_OBJC_WEAK = YES;
				CLANG_WARN_BLOCK_CAPTURE_AUTORELEASING = YES;
				CLANG_WARN_BOOL_CONVERSION = YES;
				CLANG_WARN_COMMA = YES;
				CLANG_WARN_CONSTANT_CONVERSION = YES;
				CLANG_WARN_DEPRECATED_OBJC_IMPLEMENTATIONS = YES;
				CLANG_WARN_DIRECT_OBJC_ISA_USAGE = YES_ERROR;
				CLANG_WARN_DOCUMENTATION_COMMENTS = YES;
				CLANG_WARN_EMPTY_BODY = YES;
				CLANG_WARN_ENUM_CONVERSION = YES;
				CLANG_WARN_INFINITE_RECURSION = YES;
				CLANG_WARN_INT_CONVERSION = YES;
				CLANG_WARN_NON_LITERAL_NULL_CONVERSION = YES;
				CLANG_WARN_OBJC_IMPLICIT_RETAIN_SELF = YES;
				CLANG_WARN_OBJC_LITERAL_CONVERSION = YES;
				CLANG_WARN_OBJC_ROOT_CLASS = YES_ERROR;
				CLANG_WARN_RANGE_LOOP_ANALYSIS = YES;
				CLANG_WARN_STRICT_PROTOTYPES = YES;
				CLANG_WARN_SUSPICIOUS_MOVE = YES;
				CLANG_WARN_UNGUARDED_AVAILABILITY = YES_AGGRESSIVE;
				CLANG_WARN_UNREACHABLE_CODE = YES;
				CLANG_WARN__DUPLICATE_METHOD_MATCH = YES;
				CODE_SIGN_IDENTITY = "iPhone Developer";
				COPY_PHASE_STRIP = NO;
				DEBUG_INFORMATION_FORMAT = dwarf;
				ENABLE_STRICT_OBJC_MSGSEND = YES;
				ENABLE_TESTABILITY = YES;
				GCC_C_LANGUAGE_STANDARD = gnu11;
				GCC_DYNAMIC_NO_PIC = NO;
				GCC_NO_COMMON_BLOCKS = YES;
				GCC_OPTIMIZATION_LEVEL = 0;
				GCC_PREPROCESSOR_DEFINITIONS = (
					"DEBUG=1",
					"$(inherited)",
				);
				GCC_WARN_64_TO_32_BIT_CONVERSION = YES;
				GCC_WARN_ABOUT_RETURN_TYPE = YES_ERROR;
				GCC_WARN_UNDECLARED_SELECTOR = YES;
				GCC_WARN_UNINITIALIZED_AUTOS = YES_AGGRESSIVE;
				GCC_WARN_UNUSED_FUNCTION = YES;
				GCC_WARN_UNUSED_VARIABLE = YES;
				IPHONEOS_DEPLOYMENT_TARGET = 12.1;
				MTL_ENABLE_DEBUG_INFO = INCLUDE_SOURCE;
				MTL_FAST_MATH = YES;
				ONLY_ACTIVE_ARCH = YES;
				SDKROOT = iphoneos;
				SWIFT_ACTIVE_COMPILATION_CONDITIONS = DEBUG;
				SWIFT_OPTIMIZATION_LEVEL = "-Onone";
			};
			name = Debug;
		};
		362D3DAF224B90C800EFBF1B /* Release */ = {
			isa = XCBuildConfiguration;
			buildSettings = {
				ALWAYS_SEARCH_USER_PATHS = NO;
				CLANG_ANALYZER_NONNULL = YES;
				CLANG_ANALYZER_NUMBER_OBJECT_CONVERSION = YES_AGGRESSIVE;
				CLANG_CXX_LANGUAGE_STANDARD = "gnu++14";
				CLANG_CXX_LIBRARY = "libc++";
				CLANG_ENABLE_MODULES = YES;
				CLANG_ENABLE_OBJC_ARC = YES;
				CLANG_ENABLE_OBJC_WEAK = YES;
				CLANG_WARN_BLOCK_CAPTURE_AUTORELEASING = YES;
				CLANG_WARN_BOOL_CONVERSION = YES;
				CLANG_WARN_COMMA = YES;
				CLANG_WARN_CONSTANT_CONVERSION = YES;
				CLANG_WARN_DEPRECATED_OBJC_IMPLEMENTATIONS = YES;
				CLANG_WARN_DIRECT_OBJC_ISA_USAGE = YES_ERROR;
				CLANG_WARN_DOCUMENTATION_COMMENTS = YES;
				CLANG_WARN_EMPTY_BODY = YES;
				CLANG_WARN_ENUM_CONVERSION = YES;
				CLANG_WARN_INFINITE_RECURSION = YES;
				CLANG_WARN_INT_CONVERSION = YES;
				CLANG_WARN_NON_LITERAL_NULL_CONVERSION = YES;
				CLANG_WARN_OBJC_IMPLICIT_RETAIN_SELF = YES;
				CLANG_WARN_OBJC_LITERAL_CONVERSION = YES;
				CLANG_WARN_OBJC_ROOT_CLASS = YES_ERROR;
				CLANG_WARN_RANGE_LOOP_ANALYSIS = YES;
				CLANG_WARN_STRICT_PROTOTYPES = YES;
				CLANG_WARN_SUSPICIOUS_MOVE = YES;
				CLANG_WARN_UNGUARDED_AVAILABILITY = YES_AGGRESSIVE;
				CLANG_WARN_UNREACHABLE_CODE = YES;
				CLANG_WARN__DUPLICATE_METHOD_MATCH = YES;
				CODE_SIGN_IDENTITY = "iPhone Developer";
				COPY_PHASE_STRIP = NO;
				DEBUG_INFORMATION_FORMAT = "dwarf-with-dsym";
				ENABLE_NS_ASSERTIONS = NO;
				ENABLE_STRICT_OBJC_MSGSEND = YES;
				GCC_C_LANGUAGE_STANDARD = gnu11;
				GCC_NO_COMMON_BLOCKS = YES;
				GCC_WARN_64_TO_32_BIT_CONVERSION = YES;
				GCC_WARN_ABOUT_RETURN_TYPE = YES_ERROR;
				GCC_WARN_UNDECLARED_SELECTOR = YES;
				GCC_WARN_UNINITIALIZED_AUTOS = YES_AGGRESSIVE;
				GCC_WARN_UNUSED_FUNCTION = YES;
				GCC_WARN_UNUSED_VARIABLE = YES;
				IPHONEOS_DEPLOYMENT_TARGET = 12.1;
				MTL_ENABLE_DEBUG_INFO = NO;
				MTL_FAST_MATH = YES;
				SDKROOT = iphoneos;
				SWIFT_COMPILATION_MODE = wholemodule;
				SWIFT_OPTIMIZATION_LEVEL = "-O";
				VALIDATE_PRODUCT = YES;
			};
			name = Release;
		};
		362D3DB1224B90C800EFBF1B /* Debug */ = {
			isa = XCBuildConfiguration;
			baseConfigurationReference = 4C8712337F6D294E9E35081C /* Pods-MyDiary.debug.xcconfig */;
			buildSettings = {
				ALWAYS_EMBED_SWIFT_STANDARD_LIBRARIES = YES;
				ASSETCATALOG_COMPILER_APPICON_NAME = AppIcon;
				CODE_SIGN_STYLE = Automatic;
				DEVELOPMENT_TEAM = 4D8KV8ZL53;
				INFOPLIST_FILE = "$(SRCROOT)/MyDiary/Resources/Info.plist";
				LD_RUNPATH_SEARCH_PATHS = (
					"$(inherited)",
					"@executable_path/Frameworks",
				);
				PRODUCT_BUNDLE_IDENTIFIER = com.jinuman.mydiary;
				PRODUCT_NAME = "$(TARGET_NAME)";
				SWIFT_VERSION = 5.0;
				TARGETED_DEVICE_FAMILY = "1,2";
			};
			name = Debug;
		};
		362D3DB2224B90C800EFBF1B /* Release */ = {
			isa = XCBuildConfiguration;
			baseConfigurationReference = DC53BC8DF7ADA6EB700F43EE /* Pods-MyDiary.release.xcconfig */;
			buildSettings = {
				ALWAYS_EMBED_SWIFT_STANDARD_LIBRARIES = YES;
				ASSETCATALOG_COMPILER_APPICON_NAME = AppIcon;
				CODE_SIGN_STYLE = Automatic;
				DEVELOPMENT_TEAM = 4D8KV8ZL53;
				INFOPLIST_FILE = "$(SRCROOT)/MyDiary/Resources/Info.plist";
				LD_RUNPATH_SEARCH_PATHS = (
					"$(inherited)",
					"@executable_path/Frameworks",
				);
				PRODUCT_BUNDLE_IDENTIFIER = com.jinuman.mydiary;
				PRODUCT_NAME = "$(TARGET_NAME)";
				SWIFT_VERSION = 5.0;
				TARGETED_DEVICE_FAMILY = "1,2";
			};
			name = Release;
		};
		362D3DB4224B90C800EFBF1B /* Debug */ = {
			isa = XCBuildConfiguration;
			baseConfigurationReference = DA4166ACEDF65C960BA0BE0D /* Pods-MyDiaryTests.debug.xcconfig */;
			buildSettings = {
				ALWAYS_EMBED_SWIFT_STANDARD_LIBRARIES = YES;
				BUNDLE_LOADER = "$(TEST_HOST)";
				CODE_SIGN_STYLE = Automatic;
				DEVELOPMENT_TEAM = K27KLZMF6K;
				INFOPLIST_FILE = MyDiaryTests/Info.plist;
				LD_RUNPATH_SEARCH_PATHS = (
					"$(inherited)",
					"@executable_path/Frameworks",
					"@loader_path/Frameworks",
				);
				PRODUCT_BUNDLE_IDENTIFIER = com.jinuman.MyDiaryTests;
				PRODUCT_NAME = "$(TARGET_NAME)";
				SWIFT_VERSION = 5.0;
				TARGETED_DEVICE_FAMILY = "1,2";
				TEST_HOST = "$(BUILT_PRODUCTS_DIR)/MyDiary.app/MyDiary";
			};
			name = Debug;
		};
		362D3DB5224B90C800EFBF1B /* Release */ = {
			isa = XCBuildConfiguration;
			baseConfigurationReference = 7FEFC56A2528B64969A2CD43 /* Pods-MyDiaryTests.release.xcconfig */;
			buildSettings = {
				ALWAYS_EMBED_SWIFT_STANDARD_LIBRARIES = YES;
				BUNDLE_LOADER = "$(TEST_HOST)";
				CODE_SIGN_STYLE = Automatic;
				DEVELOPMENT_TEAM = K27KLZMF6K;
				INFOPLIST_FILE = MyDiaryTests/Info.plist;
				LD_RUNPATH_SEARCH_PATHS = (
					"$(inherited)",
					"@executable_path/Frameworks",
					"@loader_path/Frameworks",
				);
				PRODUCT_BUNDLE_IDENTIFIER = com.jinuman.MyDiaryTests;
				PRODUCT_NAME = "$(TARGET_NAME)";
				SWIFT_VERSION = 5.0;
				TARGETED_DEVICE_FAMILY = "1,2";
				TEST_HOST = "$(BUILT_PRODUCTS_DIR)/MyDiary.app/MyDiary";
			};
			name = Release;
		};
/* End XCBuildConfiguration section */

/* Begin XCConfigurationList section */
		362D3D8E224B90C800EFBF1B /* Build configuration list for PBXProject "MyDiary" */ = {
			isa = XCConfigurationList;
			buildConfigurations = (
				362D3DAE224B90C800EFBF1B /* Debug */,
				362D3DAF224B90C800EFBF1B /* Release */,
			);
			defaultConfigurationIsVisible = 0;
			defaultConfigurationName = Release;
		};
		362D3DB0224B90C800EFBF1B /* Build configuration list for PBXNativeTarget "MyDiary" */ = {
			isa = XCConfigurationList;
			buildConfigurations = (
				362D3DB1224B90C800EFBF1B /* Debug */,
				362D3DB2224B90C800EFBF1B /* Release */,
			);
			defaultConfigurationIsVisible = 0;
			defaultConfigurationName = Release;
		};
		362D3DB3224B90C800EFBF1B /* Build configuration list for PBXNativeTarget "MyDiaryTests" */ = {
			isa = XCConfigurationList;
			buildConfigurations = (
				362D3DB4224B90C800EFBF1B /* Debug */,
				362D3DB5224B90C800EFBF1B /* Release */,
			);
			defaultConfigurationIsVisible = 0;
			defaultConfigurationName = Release;
		};
/* End XCConfigurationList section */
	};
	rootObject = 362D3D8B224B90C800EFBF1B /* Project object */;
}
